
Microsoft Visual Studio Solution File, Format Version 12.00
# Visual Studio Version 16
VisualStudioVersion = 16.0.29318.209
MinimumVisualStudioVersion = 10.0.40219.1
Project("{9A19103F-16F7-4668-BE54-9A1E7A4F7556}") = "HW19-1", "HW19-1.csproj", "{1B18A5B0-83B0-48E6-983A-B6B56080EC6D}"
EndProject
Project("{FAE04EC0-301F-11D3-BF4B-00C04F79EFBC}") = "HW19-2", "..\HW19-2\HW19-2.csproj", "{AC6A614C-56EC-4546-9B37-BF7932AC46D0}"
EndProject
Global
	GlobalSection(SolutionConfigurationPlatforms) = preSolution
		Debug|Any CPU = Debug|Any CPU
		Release|Any CPU = Release|Any CPU
	EndGlobalSection
	GlobalSection(ProjectConfigurationPlatforms) = postSolution
		{1B18A5B0-83B0-48E6-983A-B6B56080EC6D}.Debug|Any CPU.ActiveCfg = Debug|Any CPU
		{1B18A5B0-83B0-48E6-983A-B6B56080EC6D}.Debug|Any CPU.Build.0 = Debug|Any CPU
		{1B18A5B0-83B0-48E6-983A-B6B56080EC6D}.Release|Any CPU.ActiveCfg = Release|Any CPU
		{1B18A5B0-83B0-48E6-983A-B6B56080EC6D}.Release|Any CPU.Build.0 = Release|Any CPU
		{AC6A614C-56EC-4546-9B37-BF7932AC46D0}.Debug|Any CPU.ActiveCfg = Debug|Any CPU
		{AC6A614C-56EC-4546-9B37-BF7932AC46D0}.Debug|Any CPU.Build.0 = Debug|Any CPU
		{AC6A614C-56EC-4546-9B37-BF7932AC46D0}.Release|Any CPU.ActiveCfg = Release|Any CPU
		{AC6A614C-56EC-4546-9B37-BF7932AC46D0}.Release|Any CPU.Build.0 = Release|Any CPU
	EndGlobalSection
	GlobalSection(SolutionProperties) = preSolution
		HideSolutionNode = FALSE
	EndGlobalSection
	GlobalSection(ExtensibilityGlobals) = postSolution
		SolutionGuid = {3D544FB6-AB39-4F98-8FF9-80B5832B0E53}
	EndGlobalSection
EndGlobal
